// !$*UTF8*$!
{
	archiveVersion = 1;
	classes = {
	};
	objectVersion = 50;
	objects = {

/* Begin PBXBuildFile section */
		DF8D541525C15DD500E8F3C4 /* AppDelegate.swift in Sources */ = {isa = PBXBuildFile; fileRef = DF8D541425C15DD500E8F3C4 /* AppDelegate.swift */; };
		DF8D541925C15DD500E8F3C4 /* HomeView.swift in Sources */ = {isa = PBXBuildFile; fileRef = DF8D541825C15DD500E8F3C4 /* HomeView.swift */; };
		DF8D541C25C15DD500E8F3C4 /* Main.storyboard in Resources */ = {isa = PBXBuildFile; fileRef = DF8D541A25C15DD500E8F3C4 /* Main.storyboard */; };
		DF8D541E25C15DD700E8F3C4 /* Assets.xcassets in Resources */ = {isa = PBXBuildFile; fileRef = DF8D541D25C15DD700E8F3C4 /* Assets.xcassets */; };
		DF8D542125C15DD700E8F3C4 /* LaunchScreen.storyboard in Resources */ = {isa = PBXBuildFile; fileRef = DF8D541F25C15DD700E8F3C4 /* LaunchScreen.storyboard */; };
/* End PBXBuildFile section */

/* Begin PBXFileReference section */
		DF8D541125C15DD500E8F3C4 /* FinishTestLayout.app */ = {isa = PBXFileReference; explicitFileType = wrapper.application; includeInIndex = 0; path = FinishTestLayout.app; sourceTree = BUILT_PRODUCTS_DIR; };
		DF8D541425C15DD500E8F3C4 /* AppDelegate.swift */ = {isa = PBXFileReference; lastKnownFileType = sourcecode.swift; path = AppDelegate.swift; sourceTree = "<group>"; };
		DF8D541825C15DD500E8F3C4 /* HomeView.swift */ = {isa = PBXFileReference; lastKnownFileType = sourcecode.swift; path = HomeView.swift; sourceTree = "<group>"; };
		DF8D541B25C15DD500E8F3C4 /* Base */ = {isa = PBXFileReference; lastKnownFileType = file.storyboard; name = Base; path = Base.lproj/Main.storyboard; sourceTree = "<group>"; };
		DF8D541D25C15DD700E8F3C4 /* Assets.xcassets */ = {isa = PBXFileReference; lastKnownFileType = folder.assetcatalog; path = Assets.xcassets; sourceTree = "<group>"; };
		DF8D542025C15DD700E8F3C4 /* Base */ = {isa = PBXFileReference; lastKnownFileType = file.storyboard; name = Base; path = Base.lproj/LaunchScreen.storyboard; sourceTree = "<group>"; };
		DF8D542225C15DD700E8F3C4 /* Info.plist */ = {isa = PBXFileReference; lastKnownFileType = text.plist.xml; path = Info.plist; sourceTree = "<group>"; };
/* End PBXFileReference section */

/* Begin PBXFrameworksBuildPhase section */
		DF8D540E25C15DD500E8F3C4 /* Frameworks */ = {
			isa = PBXFrameworksBuildPhase;
			buildActionMask = 2147483647;
			files = (
			);
			runOnlyForDeploymentPostprocessing = 0;
		};
/* End PBXFrameworksBuildPhase section */

/* Begin PBXGroup section */
		DF8D540825C15DD500E8F3C4 = {
			isa = PBXGroup;
			children = (
				DF8D541325C15DD500E8F3C4 /* FinishTestLayout */,
				DF8D541225C15DD500E8F3C4 /* Products */,
			);
			sourceTree = "<group>";
		};
		DF8D541225C15DD500E8F3C4 /* Products */ = {
			isa = PBXGroup;
			children = (
				DF8D541125C15DD500E8F3C4 /* FinishTestLayout.app */,
			);
			name = Products;
			sourceTree = "<group>";
		};
		DF8D541325C15DD500E8F3C4 /* FinishTestLayout */ = {
			isa = PBXGroup;
			children = (
				DF8D544E25C15E8100E8F3C4 /* Scences */,
				DF8D544D25C15E6B00E8F3C4 /* AppDelegate */,
				DF8D544C25C15E5600E8F3C4 /* StoryBoard */,
				DF8D541D25C15DD700E8F3C4 /* Assets.xcassets */,
				DF8D542225C15DD700E8F3C4 /* Info.plist */,
			);
			path = FinishTestLayout;
			sourceTree = "<group>";
		};
		DF8D544C25C15E5600E8F3C4 /* StoryBoard */ = {
			isa = PBXGroup;
			children = (
				DF8D541F25C15DD700E8F3C4 /* LaunchScreen.storyboard */,
				DF8D541A25C15DD500E8F3C4 /* Main.storyboard */,
			);
			path = StoryBoard;
			sourceTree = "<group>";
		};
		DF8D544D25C15E6B00E8F3C4 /* AppDelegate */ = {
			isa = PBXGroup;
			children = (
				DF8D541425C15DD500E8F3C4 /* AppDelegate.swift */,
			);
			path = AppDelegate;
			sourceTree = "<group>";
		};
		DF8D544E25C15E8100E8F3C4 /* Scences */ = {
			isa = PBXGroup;
			children = (
				DF8D544F25C15E8C00E8F3C4 /* Home Screen */,
			);
			path = Scences;
			sourceTree = "<group>";
		};
		DF8D544F25C15E8C00E8F3C4 /* Home Screen */ = {
			isa = PBXGroup;
			children = (
				DF8D541825C15DD500E8F3C4 /* HomeView.swift */,
			);
			path = "Home Screen";
			sourceTree = "<group>";
		};
/* End PBXGroup section */

/* Begin PBXNativeTarget section */
		DF8D541025C15DD500E8F3C4 /* FinishTestLayout */ = {
			isa = PBXNativeTarget;
			buildConfigurationList = DF8D543B25C15DD700E8F3C4 /* Build configuration list for PBXNativeTarget "FinishTestLayout" */;
			buildPhases = (
				DF8D540D25C15DD500E8F3C4 /* Sources */,
				DF8D540E25C15DD500E8F3C4 /* Frameworks */,
				DF8D540F25C15DD500E8F3C4 /* Resources */,
			);
			buildRules = (
			);
			dependencies = (
			);
			name = FinishTestLayout;
			productName = FinishTestLayout;
			productReference = DF8D541125C15DD500E8F3C4 /* FinishTestLayout.app */;
			productType = "com.apple.product-type.application";
		};
/* End PBXNativeTarget section */

/* Begin PBXProject section */
		DF8D540925C15DD500E8F3C4 /* Project object */ = {
			isa = PBXProject;
			attributes = {
				LastSwiftUpdateCheck = 1220;
				LastUpgradeCheck = 1220;
				TargetAttributes = {
					DF8D541025C15DD500E8F3C4 = {
						CreatedOnToolsVersion = 12.2;
					};
				};
			};
			buildConfigurationList = DF8D540C25C15DD500E8F3C4 /* Build configuration list for PBXProject "FinishTestLayout" */;
			compatibilityVersion = "Xcode 9.3";
			developmentRegion = en;
			hasScannedForEncodings = 0;
			knownRegions = (
				en,
				Base,
			);
			mainGroup = DF8D540825C15DD500E8F3C4;
			productRefGroup = DF8D541225C15DD500E8F3C4 /* Products */;
			projectDirPath = "";
			projectRoot = "";
			targets = (
				DF8D541025C15DD500E8F3C4 /* FinishTestLayout */,
			);
		};
/* End PBXProject section */

/* Begin PBXResourcesBuildPhase section */
		DF8D540F25C15DD500E8F3C4 /* Resources */ = {
			isa = PBXResourcesBuildPhase;
			buildActionMask = 2147483647;
			files = (
				DF8D542125C15DD700E8F3C4 /* LaunchScreen.storyboard in Resources */,
				DF8D541E25C15DD700E8F3C4 /* Assets.xcassets in Resources */,
				DF8D541C25C15DD500E8F3C4 /* Main.storyboard in Resources */,
			);
			runOnlyForDeploymentPostprocessing = 0;
		};
/* End PBXResourcesBuildPhase section */

/* Begin PBXSourcesBuildPhase section */
		DF8D540D25C15DD500E8F3C4 /* Sources */ = {
			isa = PBXSourcesBuildPhase;
			buildActionMask = 2147483647;
			files = (
				DF8D541925C15DD500E8F3C4 /* HomeView.swift in Sources */,
				DF8D541525C15DD500E8F3C4 /* AppDelegate.swift in Sources */,
			);
			runOnlyForDeploymentPostprocessing = 0;
		};
/* End PBXSourcesBuildPhase section */

/* Begin PBXVariantGroup section */
		DF8D541A25C15DD500E8F3C4 /* Main.storyboard */ = {
			isa = PBXVariantGroup;
			children = (
				DF8D541B25C15DD500E8F3C4 /* Base */,
			);
			name = Main.storyboard;
			sourceTree = "<group>";
		};
		DF8D541F25C15DD700E8F3C4 /* LaunchScreen.storyboard */ = {
			isa = PBXVariantGroup;
			children = (
				DF8D542025C15DD700E8F3C4 /* Base */,
			);
			name = LaunchScreen.storyboard;
			sourceTree = "<group>";
		};
/* End PBXVariantGroup section */

/* Begin XCBuildConfiguration section */
		DF8D543925C15DD700E8F3C4 /* Debug */ = {
			isa = XCBuildConfiguration;
			buildSettings = {
				ALWAYS_SEARCH_USER_PATHS = NO;
				CLANG_ANALYZER_NONNULL = YES;
				CLANG_ANALYZER_NUMBER_OBJECT_CONVERSION = YES_AGGRESSIVE;
				CLANG_CXX_LANGUAGE_STANDARD = "gnu++14";
				CLANG_CXX_LIBRARY = "libc++";
				CLANG_ENABLE_MODULES = YES;
				CLANG_ENABLE_OBJC_ARC = YES;
				CLANG_ENABLE_OBJC_WEAK = YES;
				CLANG_WARN_BLOCK_CAPTURE_AUTORELEASING = YES;
				CLANG_WARN_BOOL_CONVERSION = YES;
				CLANG_WARN_COMMA = YES;
				CLANG_WARN_CONSTANT_CONVERSION = YES;
				CLANG_WARN_DEPRECATED_OBJC_IMPLEMENTATIONS = YES;
				CLANG_WARN_DIRECT_OBJC_ISA_USAGE = YES_ERROR;
				CLANG_WARN_DOCUMENTATION_COMMENTS = YES;
				CLANG_WARN_EMPTY_BODY = YES;
				CLANG_WARN_ENUM_CONVERSION = YES;
				CLANG_WARN_INFINITE_RECURSION = YES;
				CLANG_WARN_INT_CONVERSION = YES;
				CLANG_WARN_NON_LITERAL_NULL_CONVERSION = YES;
				CLANG_WARN_OBJC_IMPLICIT_RETAIN_SELF = YES;
				CLANG_WARN_OBJC_LITERAL_CONVERSION = YES;
				CLANG_WARN_OBJC_ROOT_CLASS = YES_ERROR;
				CLANG_WARN_QUOTED_INCLUDE_IN_FRAMEWORK_HEADER = YES;
				CLANG_WARN_RANGE_LOOP_ANALYSIS = YES;
				CLANG_WARN_STRICT_PROTOTYPES = YES;
				CLANG_WARN_SUSPICIOUS_MOVE = YES;
				CLANG_WARN_UNGUARDED_AVAILABILITY = YES_AGGRESSIVE;
				CLANG_WARN_UNREACHABLE_CODE = YES;
				CLANG_WARN__DUPLICATE_METHOD_MATCH = YES;
				COPY_PHASE_STRIP = NO;
				DEBUG_INFORMATION_FORMAT = dwarf;
				ENABLE_STRICT_OBJC_MSGSEND = YES;
				ENABLE_TESTABILITY = YES;
				GCC_C_LANGUAGE_STANDARD = gnu11;
				GCC_DYNAMIC_NO_PIC = NO;
				GCC_NO_COMMON_BLOCKS = YES;
				GCC_OPTIMIZATION_LEVEL = 0;
				GCC_PREPROCESSOR_DEFINITIONS = (
					"DEBUG=1",
					"$(inherited)",
				);
				GCC_WARN_64_TO_32_BIT_CONVERSION = YES;
				GCC_WARN_ABOUT_RETURN_TYPE = YES_ERROR;
				GCC_WARN_UNDECLARED_SELECTOR = YES;
				GCC_WARN_UNINITIALIZED_AUTOS = YES_AGGRESSIVE;
				GCC_WARN_UNUSED_FUNCTION = YES;
				GCC_WARN_UNUSED_VARIABLE = YES;
				IPHONEOS_DEPLOYMENT_TARGET = 12.0;
				MTL_ENABLE_DEBUG_INFO = INCLUDE_SOURCE;
				MTL_FAST_MATH = YES;
				ONLY_ACTIVE_ARCH = YES;
				SDKROOT = iphoneos;
				SWIFT_ACTIVE_COMPILATION_CONDITIONS = DEBUG;
				SWIFT_OPTIMIZATION_LEVEL = "-Onone";
			};
			name = Debug;
		};
		DF8D543A25C15DD700E8F3C4 /* Release */ = {
			isa = XCBuildConfiguration;
			buildSettings = {
				ALWAYS_SEARCH_USER_PATHS = NO;
				CLANG_ANALYZER_NONNULL = YES;
				CLANG_ANALYZER_NUMBER_OBJECT_CONVERSION = YES_AGGRESSIVE;
				CLANG_CXX_LANGUAGE_STANDARD = "gnu++14";
				CLANG_CXX_LIBRARY = "libc++";
				CLANG_ENABLE_MODULES = YES;
				CLANG_ENABLE_OBJC_ARC = YES;
				CLANG_ENABLE_OBJC_WEAK = YES;
				CLANG_WARN_BLOCK_CAPTURE_AUTORELEASING = YES;
				CLANG_WARN_BOOL_CONVERSION = YES;
				CLANG_WARN_COMMA = YES;
				CLANG_WARN_CONSTANT_CONVERSION = YES;
				CLANG_WARN_DEPRECATED_OBJC_IMPLEMENTATIONS = YES;
				CLANG_WARN_DIRECT_OBJC_ISA_USAGE = YES_ERROR;
				CLANG_WARN_DOCUMENTATION_COMMENTS = YES;
				CLANG_WARN_EMPTY_BODY = YES;
				CLANG_WARN_ENUM_CONVERSION = YES;
				CLANG_WARN_INFINITE_RECURSION = YES;
				CLANG_WARN_INT_CONVERSION = YES;
				CLANG_WARN_NON_LITERAL_NULL_CONVERSION = YES;
				CLANG_WARN_OBJC_IMPLICIT_RETAIN_SELF = YES;
				CLANG_WARN_OBJC_LITERAL_CONVERSION = YES;
				CLANG_WARN_OBJC_ROOT_CLASS = YES_ERROR;
				CLANG_WARN_QUOTED_INCLUDE_IN_FRAMEWORK_HEADER = YES;
				CLANG_WARN_RANGE_LOOP_ANALYSIS = YES;
				CLANG_WARN_STRICT_PROTOTYPES = YES;
				CLANG_WARN_SUSPICIOUS_MOVE = YES;
				CLANG_WARN_UNGUARDED_AVAILABILITY = YES_AGGRESSIVE;
				CLANG_WARN_UNREACHABLE_CODE = YES;
				CLANG_WARN__DUPLICATE_METHOD_MATCH = YES;
				COPY_PHASE_STRIP = NO;
				DEBUG_INFORMATION_FORMAT = "dwarf-with-dsym";
				ENABLE_NS_ASSERTIONS = NO;
				ENABLE_STRICT_OBJC_MSGSEND = YES;
				GCC_C_LANGUAGE_STANDARD = gnu11;
				GCC_NO_COMMON_BLOCKS = YES;
				GCC_WARN_64_TO_32_BIT_CONVERSION = YES;
				GCC_WARN_ABOUT_RETURN_TYPE = YES_ERROR;
				GCC_WARN_UNDECLARED_SELECTOR = YES;
				GCC_WARN_UNINITIALIZED_AUTOS = YES_AGGRESSIVE;
				GCC_WARN_UNUSED_FUNCTION = YES;
				GCC_WARN_UNUSED_VARIABLE = YES;
				IPHONEOS_DEPLOYMENT_TARGET = 12.0;
				MTL_ENABLE_DEBUG_INFO = NO;
				MTL_FAST_MATH = YES;
				SDKROOT = iphoneos;
				SWIFT_COMPILATION_MODE = wholemodule;
				SWIFT_OPTIMIZATION_LEVEL = "-O";
				VALIDATE_PRODUCT = YES;
			};
			name = Release;
		};
		DF8D543C25C15DD700E8F3C4 /* Debug */ = {
			isa = XCBuildConfiguration;
			buildSettings = {
				ASSETCATALOG_COMPILER_APPICON_NAME = AppIcon;
				ASSETCATALOG_COMPILER_GLOBAL_ACCENT_COLOR_NAME = AccentColor;
				CODE_SIGN_STYLE = Automatic;
				INFOPLIST_FILE = FinishTestLayout/Info.plist;
				LD_RUNPATH_SEARCH_PATHS = (
					"$(inherited)",
					"@executable_path/Frameworks",
				);
				PRODUCT_BUNDLE_IDENTIFIER = AR.FinishTestLayout;
				PRODUCT_NAME = "$(TARGET_NAME)";
				SWIFT_VERSION = 5.0;
				TARGETED_DEVICE_FAMILY = "1,2";
			};
			name = Debug;
		};
		DF8D543D25C15DD700E8F3C4 /* Release */ = {
			isa = XCBuildConfiguration;
			buildSettings = {
				ASSETCATALOG_COMPILER_APPICON_NAME = AppIcon;
				ASSETCATALOG_COMPILER_GLOBAL_ACCENT_COLOR_NAME = AccentColor;
				CODE_SIGN_STYLE = Automatic;
				INFOPLIST_FILE = FinishTestLayout/Info.plist;
				LD_RUNPATH_SEARCH_PATHS = (
					"$(inherited)",
					"@executable_path/Frameworks",
				);
				PRODUCT_BUNDLE_IDENTIFIER = AR.FinishTestLayout;
				PRODUCT_NAME = "$(TARGET_NAME)";
				SWIFT_VERSION = 5.0;
				TARGETED_DEVICE_FAMILY = "1,2";
			};
			name = Release;
		};
/* End XCBuildConfiguration section */

/* Begin XCConfigurationList section */
		DF8D540C25C15DD500E8F3C4 /* Build configuration list for PBXProject "FinishTestLayout" */ = {
			isa = XCConfigurationList;
			buildConfigurations = (
				DF8D543925C15DD700E8F3C4 /* Debug */,
				DF8D543A25C15DD700E8F3C4 /* Release */,
			);
			defaultConfigurationIsVisible = 0;
			defaultConfigurationName = Release;
		};
		DF8D543B25C15DD700E8F3C4 /* Build configuration list for PBXNativeTarget "FinishTestLayout" */ = {
			isa = XCConfigurationList;
			buildConfigurations = (
				DF8D543C25C15DD700E8F3C4 /* Debug */,
				DF8D543D25C15DD700E8F3C4 /* Release */,
			);
			defaultConfigurationIsVisible = 0;
			defaultConfigurationName = Release;
		};
/* End XCConfigurationList section */
	};
	rootObject = DF8D540925C15DD500E8F3C4 /* Project object */;
}
